version = 1
revision = 3
requires-python = ">=3.13"

[[package]]
name = "click"
version = "8.2.2"
source = { registry = "https://pypi.org/simple" }
dependencies = [
    { name = "colorama", marker = "sys_platform == 'win32'" },
]
sdist = { url = "https://files.pythonhosted.org/packages/e9/87/105111999772ec9730e3d4d910c723ea9763ece2ec441533a5cea1e87e3c/click-8.2.2.tar.gz", hash = "sha256:068616e6ef9705a07b6db727cb9c248f4eb9dae437a30239f56fa94b18b852ef", size = 263977, upload-time = "2025-08-02T02:23:41.102Z" }
wheels = [
    { url = "https://files.pythonhosted.org/packages/ec/85/e7297e34133ae1cfde3bffd30c24e1ef055248251baa877834e048687a28/click-8.2.2-py3-none-any.whl", hash = "sha256:52e1e9f5d3db8c85aa76968c7c67ed41ddbacb167f43201511c8fd61eb5ba2ca", size = 103900, upload-time = "2025-08-02T02:23:39.299Z" },
]

[[package]]
name = "colorama"
version = "0.4.6"
source = { registry = "https://pypi.org/simple" }
sdist = { url = "https://files.pythonhosted.org/packages/d8/53/6f443c9a4a8358a93a6792e2acffb9d9d5cb0a5cfd8802644b7b1c9a02e4/colorama-0.4.6.tar.gz", hash = "sha256:08695f5cb7ed6e0531a20572697297273c47b8cae5a63ffc6d6ed5c201be6e44", size = 27697, upload-time = "2022-10-25T02:36:22.414Z" }
wheels = [
    { url = "https://files.pythonhosted.org/packages/d1/d6/3965ed04c63042e047cb6a3e6ed1a63a35087b6a609aa3a15ed8ac56c221/colorama-0.4.6-py2.py3-none-any.whl", hash = "sha256:4f1d9991f5acc0ca119f9d443620b77f9d6b33703e51011c16baf57afb285fc6", size = 25335, upload-time = "2022-10-25T02:36:20.889Z" },
]

[[package]]
name = "coverage"
version = "7.8.0"
source = { registry = "https://pypi.org/simple" }
sdist = { url = "https://files.pythonhosted.org/packages/19/4f/2251e65033ed2ce1e68f00f91a0294e0f80c80ae8c3ebbe2f12828c4cd53/coverage-7.8.0.tar.gz", hash = "sha256:7a3d62b3b03b4b6fd41a085f3574874cf946cb4604d2b4d3e8dca8cd570ca501", size = 811872, upload-time = "2025-03-30T20:36:45.376Z" }
wheels = [
    { url = "https://files.pythonhosted.org/packages/f3/21/87e9b97b568e223f3438d93072479c2f36cc9b3f6b9f7094b9d50232acc0/coverage-7.8.0-cp313-cp313-macosx_10_13_x86_64.whl", hash = "sha256:5ac46d0c2dd5820ce93943a501ac5f6548ea81594777ca585bf002aa8854cacd", size = 211708, upload-time = "2025-03-30T20:35:47.417Z" },
    { url = "https://files.pythonhosted.org/packages/75/be/882d08b28a0d19c9c4c2e8a1c6ebe1f79c9c839eb46d4fca3bd3b34562b9/coverage-7.8.0-cp313-cp313-macosx_11_0_arm64.whl", hash = "sha256:771eb7587a0563ca5bb6f622b9ed7f9d07bd08900f7589b4febff05f469bea00", size = 211981, upload-time = "2025-03-30T20:35:49.002Z" },
    { url = "https://files.pythonhosted.org/packages/7a/1d/ce99612ebd58082fbe3f8c66f6d8d5694976c76a0d474503fa70633ec77f/coverage-7.8.0-cp313-cp313-manylinux_2_17_aarch64.manylinux2014_aarch64.whl", hash = "sha256:42421e04069fb2cbcbca5a696c4050b84a43b05392679d4068acbe65449b5c64", size = 245495, upload-time = "2025-03-30T20:35:51.073Z" },
    { url = "https://files.pythonhosted.org/packages/dc/8d/6115abe97df98db6b2bd76aae395fcc941d039a7acd25f741312ced9a78f/coverage-7.8.0-cp313-cp313-manylinux_2_5_i686.manylinux1_i686.manylinux_2_17_i686.manylinux2014_i686.whl", hash = "sha256:554fec1199d93ab30adaa751db68acec2b41c5602ac944bb19187cb9a41a8067", size = 242538, upload-time = "2025-03-30T20:35:52.941Z" },
    { url = "https://files.pythonhosted.org/packages/cb/74/2f8cc196643b15bc096d60e073691dadb3dca48418f08bc78dd6e899383e/coverage-7.8.0-cp313-cp313-manylinux_2_5_x86_64.manylinux1_x86_64.manylinux_2_17_x86_64.manylinux2014_x86_64.whl", hash = "sha256:5aaeb00761f985007b38cf463b1d160a14a22c34eb3f6a39d9ad6fc27cb73008", size = 244561, upload-time = "2025-03-30T20:35:54.658Z" },
    { url = "https://files.pythonhosted.org/packages/22/70/c10c77cd77970ac965734fe3419f2c98665f6e982744a9bfb0e749d298f4/coverage-7.8.0-cp313-cp313-musllinux_1_2_aarch64.whl", hash = "sha256:581a40c7b94921fffd6457ffe532259813fc68eb2bdda60fa8cc343414ce3733", size = 244633, upload-time = "2025-03-30T20:35:56.221Z" },
    { url = "https://files.pythonhosted.org/packages/38/5a/4f7569d946a07c952688debee18c2bb9ab24f88027e3d71fd25dbc2f9dca/coverage-7.8.0-cp313-cp313-musllinux_1_2_i686.whl", hash = "sha256:f319bae0321bc838e205bf9e5bc28f0a3165f30c203b610f17ab5552cff90323", size = 242712, upload-time = "2025-03-30T20:35:57.801Z" },
    { url = "https://files.pythonhosted.org/packages/bb/a1/03a43b33f50475a632a91ea8c127f7e35e53786dbe6781c25f19fd5a65f8/coverage-7.8.0-cp313-cp313-musllinux_1_2_x86_64.whl", hash = "sha256:04bfec25a8ef1c5f41f5e7e5c842f6b615599ca8ba8391ec33a9290d9d2db3a3", size = 244000, upload-time = "2025-03-30T20:35:59.378Z" },
    { url = "https://files.pythonhosted.org/packages/6a/89/ab6c43b1788a3128e4d1b7b54214548dcad75a621f9d277b14d16a80d8a1/coverage-7.8.0-cp313-cp313-win32.whl", hash = "sha256:dd19608788b50eed889e13a5d71d832edc34fc9dfce606f66e8f9f917eef910d", size = 214195, upload-time = "2025-03-30T20:36:01.005Z" },
    { url = "https://files.pythonhosted.org/packages/12/12/6bf5f9a8b063d116bac536a7fb594fc35cb04981654cccb4bbfea5dcdfa0/coverage-7.8.0-cp313-cp313-win_amd64.whl", hash = "sha256:a9abbccd778d98e9c7e85038e35e91e67f5b520776781d9a1e2ee9d400869487", size = 214998, upload-time = "2025-03-30T20:36:03.006Z" },
    { url = "https://files.pythonhosted.org/packages/2a/e6/1e9df74ef7a1c983a9c7443dac8aac37a46f1939ae3499424622e72a6f78/coverage-7.8.0-cp313-cp313t-macosx_10_13_x86_64.whl", hash = "sha256:18c5ae6d061ad5b3e7eef4363fb27a0576012a7447af48be6c75b88494c6cf25", size = 212541, upload-time = "2025-03-30T20:36:04.638Z" },
    { url = "https://files.pythonhosted.org/packages/04/51/c32174edb7ee49744e2e81c4b1414ac9df3dacfcb5b5f273b7f285ad43f6/coverage-7.8.0-cp313-cp313t-macosx_11_0_arm64.whl", hash = "sha256:95aa6ae391a22bbbce1b77ddac846c98c5473de0372ba5c463480043a07bff42", size = 212767, upload-time = "2025-03-30T20:36:06.503Z" },
    { url = "https://files.pythonhosted.org/packages/e9/8f/f454cbdb5212f13f29d4a7983db69169f1937e869a5142bce983ded52162/coverage-7.8.0-cp313-cp313t-manylinux_2_17_aarch64.manylinux2014_aarch64.whl", hash = "sha256:e013b07ba1c748dacc2a80e69a46286ff145935f260eb8c72df7185bf048f502", size = 256997, upload-time = "2025-03-30T20:36:08.137Z" },
    { url = "https://files.pythonhosted.org/packages/e6/74/2bf9e78b321216d6ee90a81e5c22f912fc428442c830c4077b4a071db66f/coverage-7.8.0-cp313-cp313t-manylinux_2_5_i686.manylinux1_i686.manylinux_2_17_i686.manylinux2014_i686.whl", hash = "sha256:d766a4f0e5aa1ba056ec3496243150698dc0481902e2b8559314368717be82b1", size = 252708, upload-time = "2025-03-30T20:36:09.781Z" },
    { url = "https://files.pythonhosted.org/packages/92/4d/50d7eb1e9a6062bee6e2f92e78b0998848a972e9afad349b6cdde6fa9e32/coverage-7.8.0-cp313-cp313t-manylinux_2_5_x86_64.manylinux1_x86_64.manylinux_2_17_x86_64.manylinux2014_x86_64.whl", hash = "sha256:ad80e6b4a0c3cb6f10f29ae4c60e991f424e6b14219d46f1e7d442b938ee68a4", size = 255046, upload-time = "2025-03-30T20:36:11.409Z" },
    { url = "https://files.pythonhosted.org/packages/40/9e/71fb4e7402a07c4198ab44fc564d09d7d0ffca46a9fb7b0a7b929e7641bd/coverage-7.8.0-cp313-cp313t-musllinux_1_2_aarch64.whl", hash = "sha256:b87eb6fc9e1bb8f98892a2458781348fa37e6925f35bb6ceb9d4afd54ba36c73", size = 256139, upload-time = "2025-03-30T20:36:13.86Z" },
    { url = "https://files.pythonhosted.org/packages/49/1a/78d37f7a42b5beff027e807c2843185961fdae7fe23aad5a4837c93f9d25/coverage-7.8.0-cp313-cp313t-musllinux_1_2_i686.whl", hash = "sha256:d1ba00ae33be84066cfbe7361d4e04dec78445b2b88bdb734d0d1cbab916025a", size = 254307, upload-time = "2025-03-30T20:36:16.074Z" },
    { url = "https://files.pythonhosted.org/packages/58/e9/8fb8e0ff6bef5e170ee19d59ca694f9001b2ec085dc99b4f65c128bb3f9a/coverage-7.8.0-cp313-cp313t-musllinux_1_2_x86_64.whl", hash = "sha256:f3c38e4e5ccbdc9198aecc766cedbb134b2d89bf64533973678dfcf07effd883", size = 255116, upload-time = "2025-03-30T20:36:18.033Z" },
    { url = "https://files.pythonhosted.org/packages/56/b0/d968ecdbe6fe0a863de7169bbe9e8a476868959f3af24981f6a10d2b6924/coverage-7.8.0-cp313-cp313t-win32.whl", hash = "sha256:379fe315e206b14e21db5240f89dc0774bdd3e25c3c58c2c733c99eca96f1ada", size = 214909, upload-time = "2025-03-30T20:36:19.644Z" },
    { url = "https://files.pythonhosted.org/packages/87/e9/d6b7ef9fecf42dfb418d93544af47c940aa83056c49e6021a564aafbc91f/coverage-7.8.0-cp313-cp313t-win_amd64.whl", hash = "sha256:2e4b6b87bb0c846a9315e3ab4be2d52fac905100565f4b92f02c445c8799e257", size = 216068, upload-time = "2025-03-30T20:36:21.282Z" },
    { url = "https://files.pythonhosted.org/packages/59/f1/4da7717f0063a222db253e7121bd6a56f6fb1ba439dcc36659088793347c/coverage-7.8.0-py3-none-any.whl", hash = "sha256:dbf364b4c5e7bae9250528167dfe40219b62e2d573c854d74be213e1e52069f7", size = 203435, upload-time = "2025-03-30T20:36:43.61Z" },
]

[[package]]
name = "filelock"
version = "3.18.0"
source = { registry = "https://pypi.org/simple" }
sdist = { url = "https://files.pythonhosted.org/packages/0a/10/c23352565a6544bdc5353e0b15fc1c563352101f30e24bf500207a54df9a/filelock-3.18.0.tar.gz", hash = "sha256:adbc88eabb99d2fec8c9c1b229b171f18afa655400173ddc653d5d01501fb9f2", size = 18075, upload-time = "2025-03-14T07:11:40.47Z" }
wheels = [
    { url = "https://files.pythonhosted.org/packages/4d/36/2a115987e2d8c300a974597416d9de88f2444426de9571f4b59b2cca3acc/filelock-3.18.0-py3-none-any.whl", hash = "sha256:c401f4f8377c4464e6db25fff06205fd89bdd83b65eb0488ed1b160f780e21de", size = 16215, upload-time = "2025-03-14T07:11:39.145Z" },
]

[[package]]
name = "iniconfig"
version = "2.1.0"
source = { registry = "https://pypi.org/simple" }
sdist = { url = "https://files.pythonhosted.org/packages/f2/97/ebf4da567aa6827c909642694d71c9fcf53e5b504f2d96afea02718862f3/iniconfig-2.1.0.tar.gz", hash = "sha256:3abbd2e30b36733fee78f9c7f7308f2d0050e88f0087fd25c2645f63c773e1c7", size = 4793, upload-time = "2025-03-19T20:09:59.721Z" }
wheels = [
    { url = "https://files.pythonhosted.org/packages/2c/e1/e6716421ea10d38022b952c159d5161ca1193197fb744506875fbb87ea7b/iniconfig-2.1.0-py3-none-any.whl", hash = "sha256:9deba5723312380e77435581c6bf4935c94cbfab9b1ed33ef8d238ea168eb760", size = 6050, upload-time = "2025-03-19T20:10:01.071Z" },
]

[[package]]
name = "mypy"
version = "1.17.1"
source = { registry = "https://pypi.org/simple" }
dependencies = [
    { name = "mypy-extensions" },
    { name = "pathspec" },
    { name = "typing-extensions" },
]
sdist = { url = "https://files.pythonhosted.org/packages/8e/22/ea637422dedf0bf36f3ef238eab4e455e2a0dcc3082b5cc067615347ab8e/mypy-1.17.1.tar.gz", hash = "sha256:25e01ec741ab5bb3eec8ba9cdb0f769230368a22c959c4937360efb89b7e9f01", size = 3352570, upload-time = "2025-07-31T07:54:19.204Z" }
wheels = [
    { url = "https://files.pythonhosted.org/packages/5b/82/aec2fc9b9b149f372850291827537a508d6c4d3664b1750a324b91f71355/mypy-1.17.1-cp313-cp313-macosx_10_13_x86_64.whl", hash = "sha256:93378d3203a5c0800c6b6d850ad2f19f7a3cdf1a3701d3416dbf128805c6a6a7", size = 11075338, upload-time = "2025-07-31T07:53:38.873Z" },
    { url = "https://files.pythonhosted.org/packages/07/ac/ee93fbde9d2242657128af8c86f5d917cd2887584cf948a8e3663d0cd737/mypy-1.17.1-cp313-cp313-macosx_11_0_arm64.whl", hash = "sha256:15d54056f7fe7a826d897789f53dd6377ec2ea8ba6f776dc83c2902b899fee81", size = 10113066, upload-time = "2025-07-31T07:54:14.707Z" },
    { url = "https://files.pythonhosted.org/packages/5a/68/946a1e0be93f17f7caa56c45844ec691ca153ee8b62f21eddda336a2d203/mypy-1.17.1-cp313-cp313-manylinux2014_aarch64.manylinux_2_17_aarch64.manylinux_2_28_aarch64.whl", hash = "sha256:209a58fed9987eccc20f2ca94afe7257a8f46eb5df1fb69958650973230f91e6", size = 11875473, upload-time = "2025-07-31T07:53:14.504Z" },
    { url = "https://files.pythonhosted.org/packages/9f/0f/478b4dce1cb4f43cf0f0d00fba3030b21ca04a01b74d1cd272a528cf446f/mypy-1.17.1-cp313-cp313-manylinux2014_x86_64.manylinux_2_17_x86_64.manylinux_2_28_x86_64.whl", hash = "sha256:099b9a5da47de9e2cb5165e581f158e854d9e19d2e96b6698c0d64de911dd849", size = 12744296, upload-time = "2025-07-31T07:53:03.896Z" },
    { url = "https://files.pythonhosted.org/packages/ca/70/afa5850176379d1b303f992a828de95fc14487429a7139a4e0bdd17a8279/mypy-1.17.1-cp313-cp313-musllinux_1_2_x86_64.whl", hash = "sha256:fa6ffadfbe6994d724c5a1bb6123a7d27dd68fc9c059561cd33b664a79578e14", size = 12914657, upload-time = "2025-07-31T07:54:08.576Z" },
    { url = "https://files.pythonhosted.org/packages/53/f9/4a83e1c856a3d9c8f6edaa4749a4864ee98486e9b9dbfbc93842891029c2/mypy-1.17.1-cp313-cp313-win_amd64.whl", hash = "sha256:9a2b7d9180aed171f033c9f2fc6c204c1245cf60b0cb61cf2e7acc24eea78e0a", size = 9593320, upload-time = "2025-07-31T07:53:01.341Z" },
    { url = "https://files.pythonhosted.org/packages/38/56/79c2fac86da57c7d8c48622a05873eaab40b905096c33597462713f5af90/mypy-1.17.1-cp314-cp314-macosx_10_13_x86_64.whl", hash = "sha256:15a83369400454c41ed3a118e0cc58bd8123921a602f385cb6d6ea5df050c733", size = 11040037, upload-time = "2025-07-31T07:54:10.942Z" },
    { url = "https://files.pythonhosted.org/packages/4d/c3/adabe6ff53638e3cad19e3547268482408323b1e68bf082c9119000cd049/mypy-1.17.1-cp314-cp314-macosx_11_0_arm64.whl", hash = "sha256:55b918670f692fc9fba55c3298d8a3beae295c5cded0a55dccdc5bbead814acd", size = 10131550, upload-time = "2025-07-31T07:53:41.307Z" },
    { url = "https://files.pythonhosted.org/packages/b8/c5/2e234c22c3bdeb23a7817af57a58865a39753bde52c74e2c661ee0cfc640/mypy-1.17.1-cp314-cp314-manylinux2014_aarch64.manylinux_2_17_aarch64.manylinux_2_28_aarch64.whl", hash = "sha256:62761474061feef6f720149d7ba876122007ddc64adff5ba6f374fda35a018a0", size = 11872963, upload-time = "2025-07-31T07:53:16.878Z" },
    { url = "https://files.pythonhosted.org/packages/ab/26/c13c130f35ca8caa5f2ceab68a247775648fdcd6c9a18f158825f2bc2410/mypy-1.17.1-cp314-cp314-manylinux2014_x86_64.manylinux_2_17_x86_64.manylinux_2_28_x86_64.whl", hash = "sha256:c49562d3d908fd49ed0938e5423daed8d407774a479b595b143a3d7f87cdae6a", size = 12710189, upload-time = "2025-07-31T07:54:01.962Z" },
    { url = "https://files.pythonhosted.org/packages/82/df/c7d79d09f6de8383fe800521d066d877e54d30b4fb94281c262be2df84ef/mypy-1.17.1-cp314-cp314-musllinux_1_2_x86_64.whl", hash = "sha256:397fba5d7616a5bc60b45c7ed204717eaddc38f826e3645402c426057ead9a91", size = 12900322, upload-time = "2025-07-31T07:53:10.551Z" },
    { url = "https://files.pythonhosted.org/packages/b8/98/3d5a48978b4f708c55ae832619addc66d677f6dc59f3ebad71bae8285ca6/mypy-1.17.1-cp314-cp314-win_amd64.whl", hash = "sha256:9d6b20b97d373f41617bd0708fd46aa656059af57f2ef72aa8c7d6a2b73b74ed", size = 9751879, upload-time = "2025-07-31T07:52:56.683Z" },
    { url = "https://files.pythonhosted.org/packages/1d/f3/8fcd2af0f5b806f6cf463efaffd3c9548a28f84220493ecd38d127b6b66d/mypy-1.17.1-py3-none-any.whl", hash = "sha256:a9f52c0351c21fe24c21d8c0eb1f62967b262d6729393397b6f443c3b773c3b9", size = 2283411, upload-time = "2025-07-31T07:53:24.664Z" },
]

[[package]]
name = "mypy-extensions"
version = "1.0.0"
source = { registry = "https://pypi.org/simple" }
sdist = { url = "https://files.pythonhosted.org/packages/98/a4/1ab47638b92648243faf97a5aeb6ea83059cc3624972ab6b8d2316078d3f/mypy_extensions-1.0.0.tar.gz", hash = "sha256:75dbf8955dc00442a438fc4d0666508a9a97b6bd41aa2f0ffe9d2f2725af0782", size = 4433, upload-time = "2023-02-04T12:11:27.157Z" }
wheels = [
    { url = "https://files.pythonhosted.org/packages/2a/e2/5d3f6ada4297caebe1a2add3b126fe800c96f56dbe5d1988a2cbe0b267aa/mypy_extensions-1.0.0-py3-none-any.whl", hash = "sha256:4392f6c0eb8a5668a69e23d168ffa70f0be9ccfd32b5cc2d26a34ae5b844552d", size = 4695, upload-time = "2023-02-04T12:11:25.002Z" },
]

[[package]]
name = "name"
version = "0.1.0"
source = { editable = "." }
dependencies = [
    { name = "click" },
    { name = "structlog" },
]

[package.dev-dependencies]
dev = [
    { name = "mypy" },
    { name = "pytest" },
    { name = "pytest-cov" },
    { name = "pytest-mypy" },
    { name = "pytest-ruff" },
    { name = "ruff" },
]

[package.metadata]
requires-dist = [
    { name = "click", specifier = "==8.2.2" },
    { name = "structlog", specifier = "==25.4.0" },
]

[package.metadata.requires-dev]
dev = [
    { name = "mypy", specifier = "==1.17.1" },
    { name = "pytest", specifier = "==8.4.1" },
    { name = "pytest-cov", specifier = "==6.2.1" },
    { name = "pytest-mypy", specifier = "==1.0.1" },
    { name = "pytest-ruff", specifier = "==0.5" },
    { name = "ruff", specifier = "==0.12.7" },
]

[[package]]
name = "packaging"
version = "24.2"
source = { registry = "https://pypi.org/simple" }
sdist = { url = "https://files.pythonhosted.org/packages/d0/63/68dbb6eb2de9cb10ee4c9c14a0148804425e13c4fb20d61cce69f53106da/packaging-24.2.tar.gz", hash = "sha256:c228a6dc5e932d346bc5739379109d49e8853dd8223571c7c5b55260edc0b97f", size = 163950, upload-time = "2024-11-08T09:47:47.202Z" }
wheels = [
    { url = "https://files.pythonhosted.org/packages/88/ef/eb23f262cca3c0c4eb7ab1933c3b1f03d021f2c48f54763065b6f0e321be/packaging-24.2-py3-none-any.whl", hash = "sha256:09abb1bccd265c01f4a3aa3f7a7db064b36514d2cba19a2f694fe6150451a759", size = 65451, upload-time = "2024-11-08T09:47:44.722Z" },
]

[[package]]
name = "pathspec"
version = "0.12.1"
source = { registry = "https://pypi.org/simple" }
sdist = { url = "https://files.pythonhosted.org/packages/ca/bc/f35b8446f4531a7cb215605d100cd88b7ac6f44ab3fc94870c120ab3adbf/pathspec-0.12.1.tar.gz", hash = "sha256:a482d51503a1ab33b1c67a6c3813a26953dbdc71c31dacaef9a838c4e29f5712", size = 51043, upload-time = "2023-12-10T22:30:45Z" }
wheels = [
    { url = "https://files.pythonhosted.org/packages/cc/20/ff623b09d963f88bfde16306a54e12ee5ea43e9b597108672ff3a408aad6/pathspec-0.12.1-py3-none-any.whl", hash = "sha256:a0d503e138a4c123b27490a4f7beda6a01c6f288df0e4a8b79c7eb0dc7b4cc08", size = 31191, upload-time = "2023-12-10T22:30:43.14Z" },
]

[[package]]
name = "pluggy"
version = "1.5.0"
source = { registry = "https://pypi.org/simple" }
sdist = { url = "https://files.pythonhosted.org/packages/96/2d/02d4312c973c6050a18b314a5ad0b3210edb65a906f868e31c111dede4a6/pluggy-1.5.0.tar.gz", hash = "sha256:2cffa88e94fdc978c4c574f15f9e59b7f4201d439195c3715ca9e2486f1d0cf1", size = 67955, upload-time = "2024-04-20T21:34:42.531Z" }
wheels = [
    { url = "https://files.pythonhosted.org/packages/88/5f/e351af9a41f866ac3f1fac4ca0613908d9a41741cfcf2228f4ad853b697d/pluggy-1.5.0-py3-none-any.whl", hash = "sha256:44e1ad92c8ca002de6377e165f3e0f1be63266ab4d554740532335b9d75ea669", size = 20556, upload-time = "2024-04-20T21:34:40.434Z" },
]

[[package]]
name = "pygments"
version = "2.19.1"
source = { registry = "https://pypi.org/simple" }
sdist = { url = "https://files.pythonhosted.org/packages/7c/2d/c3338d48ea6cc0feb8446d8e6937e1408088a72a39937982cc6111d17f84/pygments-2.19.1.tar.gz", hash = "sha256:61c16d2a8576dc0649d9f39e089b5f02bcd27fba10d8fb4dcc28173f7a45151f", size = 4968581, upload-time = "2025-01-06T17:26:30.443Z" }
wheels = [
    { url = "https://files.pythonhosted.org/packages/8a/0b/9fcc47d19c48b59121088dd6da2488a49d5f72dacf8262e2790a1d2c7d15/pygments-2.19.1-py3-none-any.whl", hash = "sha256:9ea1544ad55cecf4b8242fab6dd35a93bbce657034b0611ee383099054ab6d8c", size = 1225293, upload-time = "2025-01-06T17:26:25.553Z" },
]

[[package]]
name = "pytest"
version = "8.4.1"
source = { registry = "https://pypi.org/simple" }
dependencies = [
    { name = "colorama", marker = "sys_platform == 'win32'" },
    { name = "iniconfig" },
    { name = "packaging" },
    { name = "pluggy" },
    { name = "pygments" },
]
sdist = { url = "https://files.pythonhosted.org/packages/08/ba/45911d754e8eba3d5a841a5ce61a65a685ff1798421ac054f85aa8747dfb/pytest-8.4.1.tar.gz", hash = "sha256:7c67fd69174877359ed9371ec3af8a3d2b04741818c51e5e99cc1742251fa93c", size = 1517714, upload-time = "2025-06-18T05:48:06.109Z" }
wheels = [
    { url = "https://files.pythonhosted.org/packages/29/16/c8a903f4c4dffe7a12843191437d7cd8e32751d5de349d45d3fe69544e87/pytest-8.4.1-py3-none-any.whl", hash = "sha256:539c70ba6fcead8e78eebbf1115e8b589e7565830d7d006a8723f19ac8a0afb7", size = 365474, upload-time = "2025-06-18T05:48:03.955Z" },
]

[[package]]
name = "pytest-cov"
version = "6.2.1"
source = { registry = "https://pypi.org/simple" }
dependencies = [
    { name = "coverage" },
    { name = "pluggy" },
    { name = "pytest" },
]
sdist = { url = "https://files.pythonhosted.org/packages/18/99/668cade231f434aaa59bbfbf49469068d2ddd945000621d3d165d2e7dd7b/pytest_cov-6.2.1.tar.gz", hash = "sha256:25cc6cc0a5358204b8108ecedc51a9b57b34cc6b8c967cc2c01a4e00d8a67da2", size = 69432, upload-time = "2025-06-12T10:47:47.684Z" }
wheels = [
    { url = "https://files.pythonhosted.org/packages/bc/16/4ea354101abb1287856baa4af2732be351c7bee728065aed451b678153fd/pytest_cov-6.2.1-py3-none-any.whl", hash = "sha256:f5bc4c23f42f1cdd23c70b1dab1bbaef4fc505ba950d53e0081d0730dd7e86d5", size = 24644, upload-time = "2025-06-12T10:47:45.932Z" },
]

[[package]]
name = "pytest-mypy"
version = "1.0.1"
source = { registry = "https://pypi.org/simple" }
dependencies = [
    { name = "filelock" },
    { name = "mypy" },
    { name = "pytest" },
]
sdist = { url = "https://files.pythonhosted.org/packages/b0/50/3ce149b469e27848c1dc354553b17774f9dde0140625f5a4130bd21e1052/pytest_mypy-1.0.1.tar.gz", hash = "sha256:3f5fcaff75c80dccc6b68cf5ecc28e1bbe71e95309469eb7a28bf408ce55c074", size = 15975, upload-time = "2025-04-02T19:31:16.151Z" }
wheels = [
    { url = "https://files.pythonhosted.org/packages/bf/93/25ed3c02e15c4ef1b04cbda7c708ffc5da755986aaacfb48db1f9e84a996/pytest_mypy-1.0.1-py3-none-any.whl", hash = "sha256:ad7133c9b92c802e032f2596590ebede7eea7c418e61d60d5cdd571b55c72056", size = 8701, upload-time = "2025-04-02T19:31:14.914Z" },
]

[[package]]
name = "pytest-ruff"
version = "0.5"
source = { registry = "https://pypi.org/simple" }
dependencies = [
    { name = "pytest" },
    { name = "ruff" },
]
sdist = { url = "https://files.pythonhosted.org/packages/32/5a/bee55130757fb4a14e0ac5d2c6558323275b5dccfa2f5353f3893299ff7d/pytest_ruff-0.5.tar.gz", hash = "sha256:f611c780fc2b9b8d7041fa0e7589f0a9f352b288d0cfc330881101b35d382063", size = 3854, upload-time = "2025-06-19T07:26:24.607Z" }
wheels = [
    { url = "https://files.pythonhosted.org/packages/1d/ca/abfce6de0bb0f017ed05ef9f2330596235cc5a3341b4d8d40895682b3814/pytest_ruff-0.5-py3-none-any.whl", hash = "sha256:d9db170d86fb167008e6702b4d79e2cccd8287f069c3a57f9261831cebdc4a31", size = 4680, upload-time = "2025-06-19T07:26:23.897Z" },
]

[[package]]
name = "ruff"
version = "0.12.7"
source = { registry = "https://pypi.org/simple" }
sdist = { url = "https://files.pythonhosted.org/packages/a1/81/0bd3594fa0f690466e41bd033bdcdf86cba8288345ac77ad4afbe5ec743a/ruff-0.12.7.tar.gz", hash = "sha256:1fc3193f238bc2d7968772c82831a4ff69252f673be371fb49663f0068b7ec71", size = 5197814, upload-time = "2025-07-29T22:32:35.877Z" }
wheels = [
    { url = "https://files.pythonhosted.org/packages/e1/d2/6cb35e9c85e7a91e8d22ab32ae07ac39cc34a71f1009a6f9e4a2a019e602/ruff-0.12.7-py3-none-linux_armv6l.whl", hash = "sha256:76e4f31529899b8c434c3c1dede98c4483b89590e15fb49f2d46183801565303", size = 11852189, upload-time = "2025-07-29T22:31:41.281Z" },
    { url = "https://files.pythonhosted.org/packages/63/5b/a4136b9921aa84638f1a6be7fb086f8cad0fde538ba76bda3682f2599a2f/ruff-0.12.7-py3-none-macosx_10_12_x86_64.whl", hash = "sha256:789b7a03e72507c54fb3ba6209e4bb36517b90f1a3569ea17084e3fd295500fb", size = 12519389, upload-time = "2025-07-29T22:31:54.265Z" },
    { url = "https://files.pythonhosted.org/packages/a8/c9/3e24a8472484269b6b1821794141f879c54645a111ded4b6f58f9ab0705f/ruff-0.12.7-py3-none-macosx_11_0_arm64.whl", hash = "sha256:2e1c2a3b8626339bb6369116e7030a4cf194ea48f49b64bb505732a7fce4f4e3", size = 11743384, upload-time = "2025-07-29T22:31:59.575Z" },
    { url = "https://files.pythonhosted.org/packages/26/7c/458dd25deeb3452c43eaee853c0b17a1e84169f8021a26d500ead77964fd/ruff-0.12.7-py3-none-manylinux_2_17_aarch64.manylinux2014_aarch64.whl", hash = "sha256:32dec41817623d388e645612ec70d5757a6d9c035f3744a52c7b195a57e03860", size = 11943759, upload-time = "2025-07-29T22:32:01.95Z" },
    { url = "https://files.pythonhosted.org/packages/7f/8b/658798472ef260ca050e400ab96ef7e85c366c39cf3dfbef4d0a46a528b6/ruff-0.12.7-py3-none-manylinux_2_17_armv7l.manylinux2014_armv7l.whl", hash = "sha256:47ef751f722053a5df5fa48d412dbb54d41ab9b17875c6840a58ec63ff0c247c", size = 11654028, upload-time = "2025-07-29T22:32:04.367Z" },
    { url = "https://files.pythonhosted.org/packages/a8/86/9c2336f13b2a3326d06d39178fd3448dcc7025f82514d1b15816fe42bfe8/ruff-0.12.7-py3-none-manylinux_2_17_i686.manylinux2014_i686.whl", hash = "sha256:a828a5fc25a3efd3e1ff7b241fd392686c9386f20e5ac90aa9234a5faa12c423", size = 13225209, upload-time = "2025-07-29T22:32:06.952Z" },
    { url = "https://files.pythonhosted.org/packages/76/69/df73f65f53d6c463b19b6b312fd2391dc36425d926ec237a7ed028a90fc1/ruff-0.12.7-py3-none-manylinux_2_17_ppc64.manylinux2014_ppc64.whl", hash = "sha256:5726f59b171111fa6a69d82aef48f00b56598b03a22f0f4170664ff4d8298efb", size = 14182353, upload-time = "2025-07-29T22:32:10.053Z" },
    { url = "https://files.pythonhosted.org/packages/58/1e/de6cda406d99fea84b66811c189b5ea139814b98125b052424b55d28a41c/ruff-0.12.7-py3-none-manylinux_2_17_ppc64le.manylinux2014_ppc64le.whl", hash = "sha256:74e6f5c04c4dd4aba223f4fe6e7104f79e0eebf7d307e4f9b18c18362124bccd", size = 13631555, upload-time = "2025-07-29T22:32:12.644Z" },
    { url = "https://files.pythonhosted.org/packages/6f/ae/625d46d5164a6cc9261945a5e89df24457dc8262539ace3ac36c40f0b51e/ruff-0.12.7-py3-none-manylinux_2_17_s390x.manylinux2014_s390x.whl", hash = "sha256:5d0bfe4e77fba61bf2ccadf8cf005d6133e3ce08793bbe870dd1c734f2699a3e", size = 12667556, upload-time = "2025-07-29T22:32:15.312Z" },
    { url = "https://files.pythonhosted.org/packages/55/bf/9cb1ea5e3066779e42ade8d0cd3d3b0582a5720a814ae1586f85014656b6/ruff-0.12.7-py3-none-manylinux_2_17_x86_64.manylinux2014_x86_64.whl", hash = "sha256:06bfb01e1623bf7f59ea749a841da56f8f653d641bfd046edee32ede7ff6c606", size = 12939784, upload-time = "2025-07-29T22:32:17.69Z" },
    { url = "https://files.pythonhosted.org/packages/55/7f/7ead2663be5627c04be83754c4f3096603bf5e99ed856c7cd29618c691bd/ruff-0.12.7-py3-none-musllinux_1_2_aarch64.whl", hash = "sha256:e41df94a957d50083fd09b916d6e89e497246698c3f3d5c681c8b3e7b9bb4ac8", size = 11771356, upload-time = "2025-07-29T22:32:20.134Z" },
    { url = "https://files.pythonhosted.org/packages/17/40/a95352ea16edf78cd3a938085dccc55df692a4d8ba1b3af7accbe2c806b0/ruff-0.12.7-py3-none-musllinux_1_2_armv7l.whl", hash = "sha256:4000623300563c709458d0ce170c3d0d788c23a058912f28bbadc6f905d67afa", size = 11612124, upload-time = "2025-07-29T22:32:22.645Z" },
    { url = "https://files.pythonhosted.org/packages/4d/74/633b04871c669e23b8917877e812376827c06df866e1677f15abfadc95cb/ruff-0.12.7-py3-none-musllinux_1_2_i686.whl", hash = "sha256:69ffe0e5f9b2cf2b8e289a3f8945b402a1b19eff24ec389f45f23c42a3dd6fb5", size = 12479945, upload-time = "2025-07-29T22:32:24.765Z" },
    { url = "https://files.pythonhosted.org/packages/be/34/c3ef2d7799c9778b835a76189c6f53c179d3bdebc8c65288c29032e03613/ruff-0.12.7-py3-none-musllinux_1_2_x86_64.whl", hash = "sha256:a07a5c8ffa2611a52732bdc67bf88e243abd84fe2d7f6daef3826b59abbfeda4", size = 12998677, upload-time = "2025-07-29T22:32:27.022Z" },
    { url = "https://files.pythonhosted.org/packages/77/ab/aca2e756ad7b09b3d662a41773f3edcbd262872a4fc81f920dc1ffa44541/ruff-0.12.7-py3-none-win32.whl", hash = "sha256:c928f1b2ec59fb77dfdf70e0419408898b63998789cc98197e15f560b9e77f77", size = 11756687, upload-time = "2025-07-29T22:32:29.381Z" },
    { url = "https://files.pythonhosted.org/packages/b4/71/26d45a5042bc71db22ddd8252ca9d01e9ca454f230e2996bb04f16d72799/ruff-0.12.7-py3-none-win_amd64.whl", hash = "sha256:9c18f3d707ee9edf89da76131956aba1270c6348bfee8f6c647de841eac7194f", size = 12912365, upload-time = "2025-07-29T22:32:31.517Z" },
    { url = "https://files.pythonhosted.org/packages/4c/9b/0b8aa09817b63e78d94b4977f18b1fcaead3165a5ee49251c5d5c245bb2d/ruff-0.12.7-py3-none-win_arm64.whl", hash = "sha256:dfce05101dbd11833a0776716d5d1578641b7fddb537fe7fa956ab85d1769b69", size = 11982083, upload-time = "2025-07-29T22:32:33.881Z" },
]

[[package]]
name = "structlog"
version = "25.4.0"
source = { registry = "https://pypi.org/simple" }
sdist = { url = "https://files.pythonhosted.org/packages/79/b9/6e672db4fec07349e7a8a8172c1a6ae235c58679ca29c3f86a61b5e59ff3/structlog-25.4.0.tar.gz", hash = "sha256:186cd1b0a8ae762e29417095664adf1d6a31702160a46dacb7796ea82f7409e4", size = 1369138, upload-time = "2025-06-02T08:21:12.971Z" }
wheels = [
    { url = "https://files.pythonhosted.org/packages/a0/4a/97ee6973e3a73c74c8120d59829c3861ea52210667ec3e7a16045c62b64d/structlog-25.4.0-py3-none-any.whl", hash = "sha256:fe809ff5c27e557d14e613f45ca441aabda051d119ee5a0102aaba6ce40eed2c", size = 68720, upload-time = "2025-06-02T08:21:11.43Z" },
]

[[package]]
name = "typing-extensions"
version = "4.13.1"
source = { registry = "https://pypi.org/simple" }
sdist = { url = "https://files.pythonhosted.org/packages/76/ad/cd3e3465232ec2416ae9b983f27b9e94dc8171d56ac99b345319a9475967/typing_extensions-4.13.1.tar.gz", hash = "sha256:98795af00fb9640edec5b8e31fc647597b4691f099ad75f469a2616be1a76dff", size = 106633, upload-time = "2025-04-03T16:11:20.955Z" }
wheels = [
    { url = "https://files.pythonhosted.org/packages/df/c5/e7a0b0f5ed69f94c8ab7379c599e6036886bffcde609969a5325f47f1332/typing_extensions-4.13.1-py3-none-any.whl", hash = "sha256:4b6cf02909eb5495cfbc3f6e8fd49217e6cc7944e145cdda8caa3734777f9e69", size = 45739, upload-time = "2025-04-03T16:11:19.281Z" },
]
