version = 1
revision = 2
requires-python = ">=3.13"

[[package]]
name = "click"
version = "8.2.1"
source = { registry = "https://pypi.org/simple" }
dependencies = [
    { name = "colorama", marker = "sys_platform == 'win32'" },
]
sdist = { url = "https://files.pythonhosted.org/packages/60/6c/8ca2efa64cf75a977a0d7fac081354553ebe483345c734fb6b6515d96bbc/click-8.2.1.tar.gz", hash = "sha256:27c491cc05d968d271d5a1db13e3b5a184636d9d930f148c50b038f0d0646202", size = 286342, upload-time = "2025-05-20T23:19:49.832Z" }
wheels = [
    { url = "https://files.pythonhosted.org/packages/85/32/10bb5764d90a8eee674e9dc6f4db6a0ab47c8c4d0d83c27f7c39ac415a4d/click-8.2.1-py3-none-any.whl", hash = "sha256:61a3265b914e850b85317d0b3109c7f8cd35a670f963866005d6ef1d5175a12b", size = 102215, upload-time = "2025-05-20T23:19:47.796Z" },
]

[[package]]
name = "colorama"
version = "0.4.6"
source = { registry = "https://pypi.org/simple" }
sdist = { url = "https://files.pythonhosted.org/packages/d8/53/6f443c9a4a8358a93a6792e2acffb9d9d5cb0a5cfd8802644b7b1c9a02e4/colorama-0.4.6.tar.gz", hash = "sha256:08695f5cb7ed6e0531a20572697297273c47b8cae5a63ffc6d6ed5c201be6e44", size = 27697, upload-time = "2022-10-25T02:36:22.414Z" }
wheels = [
    { url = "https://files.pythonhosted.org/packages/d1/d6/3965ed04c63042e047cb6a3e6ed1a63a35087b6a609aa3a15ed8ac56c221/colorama-0.4.6-py2.py3-none-any.whl", hash = "sha256:4f1d9991f5acc0ca119f9d443620b77f9d6b33703e51011c16baf57afb285fc6", size = 25335, upload-time = "2022-10-25T02:36:20.889Z" },
]

[[package]]
name = "coverage"
version = "7.8.0"
source = { registry = "https://pypi.org/simple" }
sdist = { url = "https://files.pythonhosted.org/packages/19/4f/2251e65033ed2ce1e68f00f91a0294e0f80c80ae8c3ebbe2f12828c4cd53/coverage-7.8.0.tar.gz", hash = "sha256:7a3d62b3b03b4b6fd41a085f3574874cf946cb4604d2b4d3e8dca8cd570ca501", size = 811872, upload-time = "2025-03-30T20:36:45.376Z" }
wheels = [
    { url = "https://files.pythonhosted.org/packages/f3/21/87e9b97b568e223f3438d93072479c2f36cc9b3f6b9f7094b9d50232acc0/coverage-7.8.0-cp313-cp313-macosx_10_13_x86_64.whl", hash = "sha256:5ac46d0c2dd5820ce93943a501ac5f6548ea81594777ca585bf002aa8854cacd", size = 211708, upload-time = "2025-03-30T20:35:47.417Z" },
    { url = "https://files.pythonhosted.org/packages/75/be/882d08b28a0d19c9c4c2e8a1c6ebe1f79c9c839eb46d4fca3bd3b34562b9/coverage-7.8.0-cp313-cp313-macosx_11_0_arm64.whl", hash = "sha256:771eb7587a0563ca5bb6f622b9ed7f9d07bd08900f7589b4febff05f469bea00", size = 211981, upload-time = "2025-03-30T20:35:49.002Z" },
    { url = "https://files.pythonhosted.org/packages/7a/1d/ce99612ebd58082fbe3f8c66f6d8d5694976c76a0d474503fa70633ec77f/coverage-7.8.0-cp313-cp313-manylinux_2_17_aarch64.manylinux2014_aarch64.whl", hash = "sha256:42421e04069fb2cbcbca5a696c4050b84a43b05392679d4068acbe65449b5c64", size = 245495, upload-time = "2025-03-30T20:35:51.073Z" },
    { url = "https://files.pythonhosted.org/packages/dc/8d/6115abe97df98db6b2bd76aae395fcc941d039a7acd25f741312ced9a78f/coverage-7.8.0-cp313-cp313-manylinux_2_5_i686.manylinux1_i686.manylinux_2_17_i686.manylinux2014_i686.whl", hash = "sha256:554fec1199d93ab30adaa751db68acec2b41c5602ac944bb19187cb9a41a8067", size = 242538, upload-time = "2025-03-30T20:35:52.941Z" },
    { url = "https://files.pythonhosted.org/packages/cb/74/2f8cc196643b15bc096d60e073691dadb3dca48418f08bc78dd6e899383e/coverage-7.8.0-cp313-cp313-manylinux_2_5_x86_64.manylinux1_x86_64.manylinux_2_17_x86_64.manylinux2014_x86_64.whl", hash = "sha256:5aaeb00761f985007b38cf463b1d160a14a22c34eb3f6a39d9ad6fc27cb73008", size = 244561, upload-time = "2025-03-30T20:35:54.658Z" },
    { url = "https://files.pythonhosted.org/packages/22/70/c10c77cd77970ac965734fe3419f2c98665f6e982744a9bfb0e749d298f4/coverage-7.8.0-cp313-cp313-musllinux_1_2_aarch64.whl", hash = "sha256:581a40c7b94921fffd6457ffe532259813fc68eb2bdda60fa8cc343414ce3733", size = 244633, upload-time = "2025-03-30T20:35:56.221Z" },
    { url = "https://files.pythonhosted.org/packages/38/5a/4f7569d946a07c952688debee18c2bb9ab24f88027e3d71fd25dbc2f9dca/coverage-7.8.0-cp313-cp313-musllinux_1_2_i686.whl", hash = "sha256:f319bae0321bc838e205bf9e5bc28f0a3165f30c203b610f17ab5552cff90323", size = 242712, upload-time = "2025-03-30T20:35:57.801Z" },
    { url = "https://files.pythonhosted.org/packages/bb/a1/03a43b33f50475a632a91ea8c127f7e35e53786dbe6781c25f19fd5a65f8/coverage-7.8.0-cp313-cp313-musllinux_1_2_x86_64.whl", hash = "sha256:04bfec25a8ef1c5f41f5e7e5c842f6b615599ca8ba8391ec33a9290d9d2db3a3", size = 244000, upload-time = "2025-03-30T20:35:59.378Z" },
    { url = "https://files.pythonhosted.org/packages/6a/89/ab6c43b1788a3128e4d1b7b54214548dcad75a621f9d277b14d16a80d8a1/coverage-7.8.0-cp313-cp313-win32.whl", hash = "sha256:dd19608788b50eed889e13a5d71d832edc34fc9dfce606f66e8f9f917eef910d", size = 214195, upload-time = "2025-03-30T20:36:01.005Z" },
    { url = "https://files.pythonhosted.org/packages/12/12/6bf5f9a8b063d116bac536a7fb594fc35cb04981654cccb4bbfea5dcdfa0/coverage-7.8.0-cp313-cp313-win_amd64.whl", hash = "sha256:a9abbccd778d98e9c7e85038e35e91e67f5b520776781d9a1e2ee9d400869487", size = 214998, upload-time = "2025-03-30T20:36:03.006Z" },
    { url = "https://files.pythonhosted.org/packages/2a/e6/1e9df74ef7a1c983a9c7443dac8aac37a46f1939ae3499424622e72a6f78/coverage-7.8.0-cp313-cp313t-macosx_10_13_x86_64.whl", hash = "sha256:18c5ae6d061ad5b3e7eef4363fb27a0576012a7447af48be6c75b88494c6cf25", size = 212541, upload-time = "2025-03-30T20:36:04.638Z" },
    { url = "https://files.pythonhosted.org/packages/04/51/c32174edb7ee49744e2e81c4b1414ac9df3dacfcb5b5f273b7f285ad43f6/coverage-7.8.0-cp313-cp313t-macosx_11_0_arm64.whl", hash = "sha256:95aa6ae391a22bbbce1b77ddac846c98c5473de0372ba5c463480043a07bff42", size = 212767, upload-time = "2025-03-30T20:36:06.503Z" },
    { url = "https://files.pythonhosted.org/packages/e9/8f/f454cbdb5212f13f29d4a7983db69169f1937e869a5142bce983ded52162/coverage-7.8.0-cp313-cp313t-manylinux_2_17_aarch64.manylinux2014_aarch64.whl", hash = "sha256:e013b07ba1c748dacc2a80e69a46286ff145935f260eb8c72df7185bf048f502", size = 256997, upload-time = "2025-03-30T20:36:08.137Z" },
    { url = "https://files.pythonhosted.org/packages/e6/74/2bf9e78b321216d6ee90a81e5c22f912fc428442c830c4077b4a071db66f/coverage-7.8.0-cp313-cp313t-manylinux_2_5_i686.manylinux1_i686.manylinux_2_17_i686.manylinux2014_i686.whl", hash = "sha256:d766a4f0e5aa1ba056ec3496243150698dc0481902e2b8559314368717be82b1", size = 252708, upload-time = "2025-03-30T20:36:09.781Z" },
    { url = "https://files.pythonhosted.org/packages/92/4d/50d7eb1e9a6062bee6e2f92e78b0998848a972e9afad349b6cdde6fa9e32/coverage-7.8.0-cp313-cp313t-manylinux_2_5_x86_64.manylinux1_x86_64.manylinux_2_17_x86_64.manylinux2014_x86_64.whl", hash = "sha256:ad80e6b4a0c3cb6f10f29ae4c60e991f424e6b14219d46f1e7d442b938ee68a4", size = 255046, upload-time = "2025-03-30T20:36:11.409Z" },
    { url = "https://files.pythonhosted.org/packages/40/9e/71fb4e7402a07c4198ab44fc564d09d7d0ffca46a9fb7b0a7b929e7641bd/coverage-7.8.0-cp313-cp313t-musllinux_1_2_aarch64.whl", hash = "sha256:b87eb6fc9e1bb8f98892a2458781348fa37e6925f35bb6ceb9d4afd54ba36c73", size = 256139, upload-time = "2025-03-30T20:36:13.86Z" },
    { url = "https://files.pythonhosted.org/packages/49/1a/78d37f7a42b5beff027e807c2843185961fdae7fe23aad5a4837c93f9d25/coverage-7.8.0-cp313-cp313t-musllinux_1_2_i686.whl", hash = "sha256:d1ba00ae33be84066cfbe7361d4e04dec78445b2b88bdb734d0d1cbab916025a", size = 254307, upload-time = "2025-03-30T20:36:16.074Z" },
    { url = "https://files.pythonhosted.org/packages/58/e9/8fb8e0ff6bef5e170ee19d59ca694f9001b2ec085dc99b4f65c128bb3f9a/coverage-7.8.0-cp313-cp313t-musllinux_1_2_x86_64.whl", hash = "sha256:f3c38e4e5ccbdc9198aecc766cedbb134b2d89bf64533973678dfcf07effd883", size = 255116, upload-time = "2025-03-30T20:36:18.033Z" },
    { url = "https://files.pythonhosted.org/packages/56/b0/d968ecdbe6fe0a863de7169bbe9e8a476868959f3af24981f6a10d2b6924/coverage-7.8.0-cp313-cp313t-win32.whl", hash = "sha256:379fe315e206b14e21db5240f89dc0774bdd3e25c3c58c2c733c99eca96f1ada", size = 214909, upload-time = "2025-03-30T20:36:19.644Z" },
    { url = "https://files.pythonhosted.org/packages/87/e9/d6b7ef9fecf42dfb418d93544af47c940aa83056c49e6021a564aafbc91f/coverage-7.8.0-cp313-cp313t-win_amd64.whl", hash = "sha256:2e4b6b87bb0c846a9315e3ab4be2d52fac905100565f4b92f02c445c8799e257", size = 216068, upload-time = "2025-03-30T20:36:21.282Z" },
    { url = "https://files.pythonhosted.org/packages/59/f1/4da7717f0063a222db253e7121bd6a56f6fb1ba439dcc36659088793347c/coverage-7.8.0-py3-none-any.whl", hash = "sha256:dbf364b4c5e7bae9250528167dfe40219b62e2d573c854d74be213e1e52069f7", size = 203435, upload-time = "2025-03-30T20:36:43.61Z" },
]

[[package]]
name = "filelock"
version = "3.18.0"
source = { registry = "https://pypi.org/simple" }
sdist = { url = "https://files.pythonhosted.org/packages/0a/10/c23352565a6544bdc5353e0b15fc1c563352101f30e24bf500207a54df9a/filelock-3.18.0.tar.gz", hash = "sha256:adbc88eabb99d2fec8c9c1b229b171f18afa655400173ddc653d5d01501fb9f2", size = 18075, upload-time = "2025-03-14T07:11:40.47Z" }
wheels = [
    { url = "https://files.pythonhosted.org/packages/4d/36/2a115987e2d8c300a974597416d9de88f2444426de9571f4b59b2cca3acc/filelock-3.18.0-py3-none-any.whl", hash = "sha256:c401f4f8377c4464e6db25fff06205fd89bdd83b65eb0488ed1b160f780e21de", size = 16215, upload-time = "2025-03-14T07:11:39.145Z" },
]

[[package]]
name = "iniconfig"
version = "2.1.0"
source = { registry = "https://pypi.org/simple" }
sdist = { url = "https://files.pythonhosted.org/packages/f2/97/ebf4da567aa6827c909642694d71c9fcf53e5b504f2d96afea02718862f3/iniconfig-2.1.0.tar.gz", hash = "sha256:3abbd2e30b36733fee78f9c7f7308f2d0050e88f0087fd25c2645f63c773e1c7", size = 4793, upload-time = "2025-03-19T20:09:59.721Z" }
wheels = [
    { url = "https://files.pythonhosted.org/packages/2c/e1/e6716421ea10d38022b952c159d5161ca1193197fb744506875fbb87ea7b/iniconfig-2.1.0-py3-none-any.whl", hash = "sha256:9deba5723312380e77435581c6bf4935c94cbfab9b1ed33ef8d238ea168eb760", size = 6050, upload-time = "2025-03-19T20:10:01.071Z" },
]

[[package]]
name = "mypy"
version = "1.17.0"
source = { registry = "https://pypi.org/simple" }
dependencies = [
    { name = "mypy-extensions" },
    { name = "pathspec" },
    { name = "typing-extensions" },
]
sdist = { url = "https://files.pythonhosted.org/packages/1e/e3/034322d5a779685218ed69286c32faa505247f1f096251ef66c8fd203b08/mypy-1.17.0.tar.gz", hash = "sha256:e5d7ccc08ba089c06e2f5629c660388ef1fee708444f1dee0b9203fa031dee03", size = 3352114, upload-time = "2025-07-14T20:34:30.181Z" }
wheels = [
    { url = "https://files.pythonhosted.org/packages/be/7b/5f8ab461369b9e62157072156935cec9d272196556bdc7c2ff5f4c7c0f9b/mypy-1.17.0-cp313-cp313-macosx_10_13_x86_64.whl", hash = "sha256:2c41aa59211e49d717d92b3bb1238c06d387c9325d3122085113c79118bebb06", size = 11070019, upload-time = "2025-07-14T20:32:07.99Z" },
    { url = "https://files.pythonhosted.org/packages/9c/f8/c49c9e5a2ac0badcc54beb24e774d2499748302c9568f7f09e8730e953fa/mypy-1.17.0-cp313-cp313-macosx_11_0_arm64.whl", hash = "sha256:0e69db1fb65b3114f98c753e3930a00514f5b68794ba80590eb02090d54a5d4a", size = 10114457, upload-time = "2025-07-14T20:33:47.285Z" },
    { url = "https://files.pythonhosted.org/packages/89/0c/fb3f9c939ad9beed3e328008b3fb90b20fda2cddc0f7e4c20dbefefc3b33/mypy-1.17.0-cp313-cp313-manylinux2014_aarch64.manylinux_2_17_aarch64.manylinux_2_28_aarch64.whl", hash = "sha256:03ba330b76710f83d6ac500053f7727270b6b8553b0423348ffb3af6f2f7b889", size = 11857838, upload-time = "2025-07-14T20:33:14.462Z" },
    { url = "https://files.pythonhosted.org/packages/4c/66/85607ab5137d65e4f54d9797b77d5a038ef34f714929cf8ad30b03f628df/mypy-1.17.0-cp313-cp313-manylinux2014_x86_64.manylinux_2_17_x86_64.manylinux_2_28_x86_64.whl", hash = "sha256:037bc0f0b124ce46bfde955c647f3e395c6174476a968c0f22c95a8d2f589bba", size = 12731358, upload-time = "2025-07-14T20:32:25.579Z" },
    { url = "https://files.pythonhosted.org/packages/73/d0/341dbbfb35ce53d01f8f2969facbb66486cee9804048bf6c01b048127501/mypy-1.17.0-cp313-cp313-musllinux_1_2_x86_64.whl", hash = "sha256:c38876106cb6132259683632b287238858bd58de267d80defb6f418e9ee50658", size = 12917480, upload-time = "2025-07-14T20:34:21.868Z" },
    { url = "https://files.pythonhosted.org/packages/64/63/70c8b7dbfc520089ac48d01367a97e8acd734f65bd07813081f508a8c94c/mypy-1.17.0-cp313-cp313-win_amd64.whl", hash = "sha256:d30ba01c0f151998f367506fab31c2ac4527e6a7b2690107c7a7f9e3cb419a9c", size = 9589666, upload-time = "2025-07-14T20:34:16.841Z" },
    { url = "https://files.pythonhosted.org/packages/e3/fc/ee058cc4316f219078464555873e99d170bde1d9569abd833300dbeb484a/mypy-1.17.0-py3-none-any.whl", hash = "sha256:15d9d0018237ab058e5de3d8fce61b6fa72cc59cc78fd91f1b474bce12abf496", size = 2283195, upload-time = "2025-07-14T20:31:54.753Z" },
]

[[package]]
name = "mypy-extensions"
version = "1.0.0"
source = { registry = "https://pypi.org/simple" }
sdist = { url = "https://files.pythonhosted.org/packages/98/a4/1ab47638b92648243faf97a5aeb6ea83059cc3624972ab6b8d2316078d3f/mypy_extensions-1.0.0.tar.gz", hash = "sha256:75dbf8955dc00442a438fc4d0666508a9a97b6bd41aa2f0ffe9d2f2725af0782", size = 4433, upload-time = "2023-02-04T12:11:27.157Z" }
wheels = [
    { url = "https://files.pythonhosted.org/packages/2a/e2/5d3f6ada4297caebe1a2add3b126fe800c96f56dbe5d1988a2cbe0b267aa/mypy_extensions-1.0.0-py3-none-any.whl", hash = "sha256:4392f6c0eb8a5668a69e23d168ffa70f0be9ccfd32b5cc2d26a34ae5b844552d", size = 4695, upload-time = "2023-02-04T12:11:25.002Z" },
]

[[package]]
name = "name"
version = "0.1.0"
source = { editable = "." }
dependencies = [
    { name = "click" },
    { name = "structlog" },
]

[package.dev-dependencies]
dev = [
    { name = "mypy" },
    { name = "pytest" },
    { name = "pytest-cov" },
    { name = "pytest-mypy" },
    { name = "pytest-ruff" },
    { name = "ruff" },
]

[package.metadata]
requires-dist = [
    { name = "click", specifier = "==8.2.1" },
    { name = "structlog", specifier = "==25.4.0" },
]

[package.metadata.requires-dev]
dev = [
    { name = "mypy", specifier = "==1.17.0" },
    { name = "pytest", specifier = "==8.4.1" },
    { name = "pytest-cov", specifier = "==6.2.1" },
    { name = "pytest-mypy", specifier = "==1.0.1" },
    { name = "pytest-ruff", specifier = "==0.5" },
    { name = "ruff", specifier = "==0.12.3" },
]

[[package]]
name = "packaging"
version = "24.2"
source = { registry = "https://pypi.org/simple" }
sdist = { url = "https://files.pythonhosted.org/packages/d0/63/68dbb6eb2de9cb10ee4c9c14a0148804425e13c4fb20d61cce69f53106da/packaging-24.2.tar.gz", hash = "sha256:c228a6dc5e932d346bc5739379109d49e8853dd8223571c7c5b55260edc0b97f", size = 163950, upload-time = "2024-11-08T09:47:47.202Z" }
wheels = [
    { url = "https://files.pythonhosted.org/packages/88/ef/eb23f262cca3c0c4eb7ab1933c3b1f03d021f2c48f54763065b6f0e321be/packaging-24.2-py3-none-any.whl", hash = "sha256:09abb1bccd265c01f4a3aa3f7a7db064b36514d2cba19a2f694fe6150451a759", size = 65451, upload-time = "2024-11-08T09:47:44.722Z" },
]

[[package]]
name = "pathspec"
version = "0.12.1"
source = { registry = "https://pypi.org/simple" }
sdist = { url = "https://files.pythonhosted.org/packages/ca/bc/f35b8446f4531a7cb215605d100cd88b7ac6f44ab3fc94870c120ab3adbf/pathspec-0.12.1.tar.gz", hash = "sha256:a482d51503a1ab33b1c67a6c3813a26953dbdc71c31dacaef9a838c4e29f5712", size = 51043, upload-time = "2023-12-10T22:30:45Z" }
wheels = [
    { url = "https://files.pythonhosted.org/packages/cc/20/ff623b09d963f88bfde16306a54e12ee5ea43e9b597108672ff3a408aad6/pathspec-0.12.1-py3-none-any.whl", hash = "sha256:a0d503e138a4c123b27490a4f7beda6a01c6f288df0e4a8b79c7eb0dc7b4cc08", size = 31191, upload-time = "2023-12-10T22:30:43.14Z" },
]

[[package]]
name = "pluggy"
version = "1.5.0"
source = { registry = "https://pypi.org/simple" }
sdist = { url = "https://files.pythonhosted.org/packages/96/2d/02d4312c973c6050a18b314a5ad0b3210edb65a906f868e31c111dede4a6/pluggy-1.5.0.tar.gz", hash = "sha256:2cffa88e94fdc978c4c574f15f9e59b7f4201d439195c3715ca9e2486f1d0cf1", size = 67955, upload-time = "2024-04-20T21:34:42.531Z" }
wheels = [
    { url = "https://files.pythonhosted.org/packages/88/5f/e351af9a41f866ac3f1fac4ca0613908d9a41741cfcf2228f4ad853b697d/pluggy-1.5.0-py3-none-any.whl", hash = "sha256:44e1ad92c8ca002de6377e165f3e0f1be63266ab4d554740532335b9d75ea669", size = 20556, upload-time = "2024-04-20T21:34:40.434Z" },
]

[[package]]
name = "pygments"
version = "2.19.1"
source = { registry = "https://pypi.org/simple" }
sdist = { url = "https://files.pythonhosted.org/packages/7c/2d/c3338d48ea6cc0feb8446d8e6937e1408088a72a39937982cc6111d17f84/pygments-2.19.1.tar.gz", hash = "sha256:61c16d2a8576dc0649d9f39e089b5f02bcd27fba10d8fb4dcc28173f7a45151f", size = 4968581, upload-time = "2025-01-06T17:26:30.443Z" }
wheels = [
    { url = "https://files.pythonhosted.org/packages/8a/0b/9fcc47d19c48b59121088dd6da2488a49d5f72dacf8262e2790a1d2c7d15/pygments-2.19.1-py3-none-any.whl", hash = "sha256:9ea1544ad55cecf4b8242fab6dd35a93bbce657034b0611ee383099054ab6d8c", size = 1225293, upload-time = "2025-01-06T17:26:25.553Z" },
]

[[package]]
name = "pytest"
version = "8.4.1"
source = { registry = "https://pypi.org/simple" }
dependencies = [
    { name = "colorama", marker = "sys_platform == 'win32'" },
    { name = "iniconfig" },
    { name = "packaging" },
    { name = "pluggy" },
    { name = "pygments" },
]
sdist = { url = "https://files.pythonhosted.org/packages/08/ba/45911d754e8eba3d5a841a5ce61a65a685ff1798421ac054f85aa8747dfb/pytest-8.4.1.tar.gz", hash = "sha256:7c67fd69174877359ed9371ec3af8a3d2b04741818c51e5e99cc1742251fa93c", size = 1517714, upload-time = "2025-06-18T05:48:06.109Z" }
wheels = [
    { url = "https://files.pythonhosted.org/packages/29/16/c8a903f4c4dffe7a12843191437d7cd8e32751d5de349d45d3fe69544e87/pytest-8.4.1-py3-none-any.whl", hash = "sha256:539c70ba6fcead8e78eebbf1115e8b589e7565830d7d006a8723f19ac8a0afb7", size = 365474, upload-time = "2025-06-18T05:48:03.955Z" },
]

[[package]]
name = "pytest-cov"
version = "6.2.1"
source = { registry = "https://pypi.org/simple" }
dependencies = [
    { name = "coverage" },
    { name = "pluggy" },
    { name = "pytest" },
]
sdist = { url = "https://files.pythonhosted.org/packages/18/99/668cade231f434aaa59bbfbf49469068d2ddd945000621d3d165d2e7dd7b/pytest_cov-6.2.1.tar.gz", hash = "sha256:25cc6cc0a5358204b8108ecedc51a9b57b34cc6b8c967cc2c01a4e00d8a67da2", size = 69432, upload-time = "2025-06-12T10:47:47.684Z" }
wheels = [
    { url = "https://files.pythonhosted.org/packages/bc/16/4ea354101abb1287856baa4af2732be351c7bee728065aed451b678153fd/pytest_cov-6.2.1-py3-none-any.whl", hash = "sha256:f5bc4c23f42f1cdd23c70b1dab1bbaef4fc505ba950d53e0081d0730dd7e86d5", size = 24644, upload-time = "2025-06-12T10:47:45.932Z" },
]

[[package]]
name = "pytest-mypy"
version = "1.0.1"
source = { registry = "https://pypi.org/simple" }
dependencies = [
    { name = "filelock" },
    { name = "mypy" },
    { name = "pytest" },
]
sdist = { url = "https://files.pythonhosted.org/packages/b0/50/3ce149b469e27848c1dc354553b17774f9dde0140625f5a4130bd21e1052/pytest_mypy-1.0.1.tar.gz", hash = "sha256:3f5fcaff75c80dccc6b68cf5ecc28e1bbe71e95309469eb7a28bf408ce55c074", size = 15975, upload-time = "2025-04-02T19:31:16.151Z" }
wheels = [
    { url = "https://files.pythonhosted.org/packages/bf/93/25ed3c02e15c4ef1b04cbda7c708ffc5da755986aaacfb48db1f9e84a996/pytest_mypy-1.0.1-py3-none-any.whl", hash = "sha256:ad7133c9b92c802e032f2596590ebede7eea7c418e61d60d5cdd571b55c72056", size = 8701, upload-time = "2025-04-02T19:31:14.914Z" },
]

[[package]]
name = "pytest-ruff"
version = "0.5"
source = { registry = "https://pypi.org/simple" }
dependencies = [
    { name = "pytest" },
    { name = "ruff" },
]
sdist = { url = "https://files.pythonhosted.org/packages/32/5a/bee55130757fb4a14e0ac5d2c6558323275b5dccfa2f5353f3893299ff7d/pytest_ruff-0.5.tar.gz", hash = "sha256:f611c780fc2b9b8d7041fa0e7589f0a9f352b288d0cfc330881101b35d382063", size = 3854, upload-time = "2025-06-19T07:26:24.607Z" }
wheels = [
    { url = "https://files.pythonhosted.org/packages/1d/ca/abfce6de0bb0f017ed05ef9f2330596235cc5a3341b4d8d40895682b3814/pytest_ruff-0.5-py3-none-any.whl", hash = "sha256:d9db170d86fb167008e6702b4d79e2cccd8287f069c3a57f9261831cebdc4a31", size = 4680, upload-time = "2025-06-19T07:26:23.897Z" },
]

[[package]]
name = "ruff"
version = "0.12.3"
source = { registry = "https://pypi.org/simple" }
sdist = { url = "https://files.pythonhosted.org/packages/c3/2a/43955b530c49684d3c38fcda18c43caf91e99204c2a065552528e0552d4f/ruff-0.12.3.tar.gz", hash = "sha256:f1b5a4b6668fd7b7ea3697d8d98857390b40c1320a63a178eee6be0899ea2d77", size = 4459341, upload-time = "2025-07-11T13:21:16.086Z" }
wheels = [
    { url = "https://files.pythonhosted.org/packages/e2/fd/b44c5115539de0d598d75232a1cc7201430b6891808df111b8b0506aae43/ruff-0.12.3-py3-none-linux_armv6l.whl", hash = "sha256:47552138f7206454eaf0c4fe827e546e9ddac62c2a3d2585ca54d29a890137a2", size = 10430499, upload-time = "2025-07-11T13:20:26.321Z" },
    { url = "https://files.pythonhosted.org/packages/43/c5/9eba4f337970d7f639a37077be067e4ec80a2ad359e4cc6c5b56805cbc66/ruff-0.12.3-py3-none-macosx_10_12_x86_64.whl", hash = "sha256:0a9153b000c6fe169bb307f5bd1b691221c4286c133407b8827c406a55282041", size = 11213413, upload-time = "2025-07-11T13:20:30.017Z" },
    { url = "https://files.pythonhosted.org/packages/e2/2c/fac3016236cf1fe0bdc8e5de4f24c76ce53c6dd9b5f350d902549b7719b2/ruff-0.12.3-py3-none-macosx_11_0_arm64.whl", hash = "sha256:fa6b24600cf3b750e48ddb6057e901dd5b9aa426e316addb2a1af185a7509882", size = 10586941, upload-time = "2025-07-11T13:20:33.046Z" },
    { url = "https://files.pythonhosted.org/packages/c5/0f/41fec224e9dfa49a139f0b402ad6f5d53696ba1800e0f77b279d55210ca9/ruff-0.12.3-py3-none-manylinux_2_17_aarch64.manylinux2014_aarch64.whl", hash = "sha256:e2506961bf6ead54887ba3562604d69cb430f59b42133d36976421bc8bd45901", size = 10783001, upload-time = "2025-07-11T13:20:35.534Z" },
    { url = "https://files.pythonhosted.org/packages/0d/ca/dd64a9ce56d9ed6cad109606ac014860b1c217c883e93bf61536400ba107/ruff-0.12.3-py3-none-manylinux_2_17_armv7l.manylinux2014_armv7l.whl", hash = "sha256:c4faaff1f90cea9d3033cbbcdf1acf5d7fb11d8180758feb31337391691f3df0", size = 10269641, upload-time = "2025-07-11T13:20:38.459Z" },
    { url = "https://files.pythonhosted.org/packages/63/5c/2be545034c6bd5ce5bb740ced3e7014d7916f4c445974be11d2a406d5088/ruff-0.12.3-py3-none-manylinux_2_17_i686.manylinux2014_i686.whl", hash = "sha256:40dced4a79d7c264389de1c59467d5d5cefd79e7e06d1dfa2c75497b5269a5a6", size = 11875059, upload-time = "2025-07-11T13:20:41.517Z" },
    { url = "https://files.pythonhosted.org/packages/8e/d4/a74ef1e801ceb5855e9527dae105eaff136afcb9cc4d2056d44feb0e4792/ruff-0.12.3-py3-none-manylinux_2_17_ppc64.manylinux2014_ppc64.whl", hash = "sha256:0262d50ba2767ed0fe212aa7e62112a1dcbfd46b858c5bf7bbd11f326998bafc", size = 12658890, upload-time = "2025-07-11T13:20:44.442Z" },
    { url = "https://files.pythonhosted.org/packages/13/c8/1057916416de02e6d7c9bcd550868a49b72df94e3cca0aeb77457dcd9644/ruff-0.12.3-py3-none-manylinux_2_17_ppc64le.manylinux2014_ppc64le.whl", hash = "sha256:12371aec33e1a3758597c5c631bae9a5286f3c963bdfb4d17acdd2d395406687", size = 12232008, upload-time = "2025-07-11T13:20:47.374Z" },
    { url = "https://files.pythonhosted.org/packages/f5/59/4f7c130cc25220392051fadfe15f63ed70001487eca21d1796db46cbcc04/ruff-0.12.3-py3-none-manylinux_2_17_s390x.manylinux2014_s390x.whl", hash = "sha256:560f13b6baa49785665276c963edc363f8ad4b4fc910a883e2625bdb14a83a9e", size = 11499096, upload-time = "2025-07-11T13:20:50.348Z" },
    { url = "https://files.pythonhosted.org/packages/d4/01/a0ad24a5d2ed6be03a312e30d32d4e3904bfdbc1cdbe63c47be9d0e82c79/ruff-0.12.3-py3-none-manylinux_2_17_x86_64.manylinux2014_x86_64.whl", hash = "sha256:023040a3499f6f974ae9091bcdd0385dd9e9eb4942f231c23c57708147b06311", size = 11688307, upload-time = "2025-07-11T13:20:52.945Z" },
    { url = "https://files.pythonhosted.org/packages/93/72/08f9e826085b1f57c9a0226e48acb27643ff19b61516a34c6cab9d6ff3fa/ruff-0.12.3-py3-none-musllinux_1_2_aarch64.whl", hash = "sha256:883d844967bffff5ab28bba1a4d246c1a1b2933f48cb9840f3fdc5111c603b07", size = 10661020, upload-time = "2025-07-11T13:20:55.799Z" },
    { url = "https://files.pythonhosted.org/packages/80/a0/68da1250d12893466c78e54b4a0ff381370a33d848804bb51279367fc688/ruff-0.12.3-py3-none-musllinux_1_2_armv7l.whl", hash = "sha256:2120d3aa855ff385e0e562fdee14d564c9675edbe41625c87eeab744a7830d12", size = 10246300, upload-time = "2025-07-11T13:20:58.222Z" },
    { url = "https://files.pythonhosted.org/packages/6a/22/5f0093d556403e04b6fd0984fc0fb32fbb6f6ce116828fd54306a946f444/ruff-0.12.3-py3-none-musllinux_1_2_i686.whl", hash = "sha256:6b16647cbb470eaf4750d27dddc6ebf7758b918887b56d39e9c22cce2049082b", size = 11263119, upload-time = "2025-07-11T13:21:01.503Z" },
    { url = "https://files.pythonhosted.org/packages/92/c9/f4c0b69bdaffb9968ba40dd5fa7df354ae0c73d01f988601d8fac0c639b1/ruff-0.12.3-py3-none-musllinux_1_2_x86_64.whl", hash = "sha256:e1417051edb436230023575b149e8ff843a324557fe0a265863b7602df86722f", size = 11746990, upload-time = "2025-07-11T13:21:04.524Z" },
    { url = "https://files.pythonhosted.org/packages/fe/84/7cc7bd73924ee6be4724be0db5414a4a2ed82d06b30827342315a1be9e9c/ruff-0.12.3-py3-none-win32.whl", hash = "sha256:dfd45e6e926deb6409d0616078a666ebce93e55e07f0fb0228d4b2608b2c248d", size = 10589263, upload-time = "2025-07-11T13:21:07.148Z" },
    { url = "https://files.pythonhosted.org/packages/07/87/c070f5f027bd81f3efee7d14cb4d84067ecf67a3a8efb43aadfc72aa79a6/ruff-0.12.3-py3-none-win_amd64.whl", hash = "sha256:a946cf1e7ba3209bdef039eb97647f1c77f6f540e5845ec9c114d3af8df873e7", size = 11695072, upload-time = "2025-07-11T13:21:11.004Z" },
    { url = "https://files.pythonhosted.org/packages/e0/30/f3eaf6563c637b6e66238ed6535f6775480db973c836336e4122161986fc/ruff-0.12.3-py3-none-win_arm64.whl", hash = "sha256:5f9c7c9c8f84c2d7f27e93674d27136fbf489720251544c4da7fb3d742e011b1", size = 10805855, upload-time = "2025-07-11T13:21:13.547Z" },
]

[[package]]
name = "structlog"
version = "25.4.0"
source = { registry = "https://pypi.org/simple" }
sdist = { url = "https://files.pythonhosted.org/packages/79/b9/6e672db4fec07349e7a8a8172c1a6ae235c58679ca29c3f86a61b5e59ff3/structlog-25.4.0.tar.gz", hash = "sha256:186cd1b0a8ae762e29417095664adf1d6a31702160a46dacb7796ea82f7409e4", size = 1369138, upload-time = "2025-06-02T08:21:12.971Z" }
wheels = [
    { url = "https://files.pythonhosted.org/packages/a0/4a/97ee6973e3a73c74c8120d59829c3861ea52210667ec3e7a16045c62b64d/structlog-25.4.0-py3-none-any.whl", hash = "sha256:fe809ff5c27e557d14e613f45ca441aabda051d119ee5a0102aaba6ce40eed2c", size = 68720, upload-time = "2025-06-02T08:21:11.43Z" },
]

[[package]]
name = "typing-extensions"
version = "4.13.1"
source = { registry = "https://pypi.org/simple" }
sdist = { url = "https://files.pythonhosted.org/packages/76/ad/cd3e3465232ec2416ae9b983f27b9e94dc8171d56ac99b345319a9475967/typing_extensions-4.13.1.tar.gz", hash = "sha256:98795af00fb9640edec5b8e31fc647597b4691f099ad75f469a2616be1a76dff", size = 106633, upload-time = "2025-04-03T16:11:20.955Z" }
wheels = [
    { url = "https://files.pythonhosted.org/packages/df/c5/e7a0b0f5ed69f94c8ab7379c599e6036886bffcde609969a5325f47f1332/typing_extensions-4.13.1-py3-none-any.whl", hash = "sha256:4b6cf02909eb5495cfbc3f6e8fd49217e6cc7944e145cdda8caa3734777f9e69", size = 45739, upload-time = "2025-04-03T16:11:19.281Z" },
]
